
Microsoft Visual Studio Solution File, Format Version 12.00
# Visual Studio Version 16
VisualStudioVersion = 16.0.31613.86
MinimumVisualStudioVersion = 10.0.40219.1
Project("{FAE04EC0-301F-11D3-BF4B-00C04F79EFBC}") = "soru3", "soru3\soru3.csproj", "{6C1562CB-7D98-4481-907A-2D07C0105163}"
EndProject
Global
	GlobalSection(SolutionConfigurationPlatforms) = preSolution
		Debug|Any CPU = Debug|Any CPU
		Release|Any CPU = Release|Any CPU
	EndGlobalSection
	GlobalSection(ProjectConfigurationPlatforms) = postSolution
		{6C1562CB-7D98-4481-907A-2D07C0105163}.Debug|Any CPU.ActiveCfg = Debug|Any CPU
		{6C1562CB-7D98-4481-907A-2D07C0105163}.Debug|Any CPU.Build.0 = Debug|Any CPU
		{6C1562CB-7D98-4481-907A-2D07C0105163}.Release|Any CPU.ActiveCfg = Release|Any CPU
		{6C1562CB-7D98-4481-907A-2D07C0105163}.Release|Any CPU.Build.0 = Release|Any CPU
	EndGlobalSection
	GlobalSection(SolutionProperties) = preSolution
		HideSolutionNode = FALSE
	EndGlobalSection
	GlobalSection(ExtensibilityGlobals) = postSolution
		SolutionGuid = {5E87251A-4522-4EC3-BA88-CC311A65C526}
	EndGlobalSection
EndGlobal
