
Microsoft Visual Studio Solution File, Format Version 12.00
# Visual Studio Version 16
VisualStudioVersion = 16.0.31613.86
MinimumVisualStudioVersion = 10.0.40219.1
Project("{FAE04EC0-301F-11D3-BF4B-00C04F79EFBC}") = "soru23", "soru23\soru23.csproj", "{010ABC7A-7051-4E2E-9893-7E0AC3DF8105}"
EndProject
Global
	GlobalSection(SolutionConfigurationPlatforms) = preSolution
		Debug|Any CPU = Debug|Any CPU
		Release|Any CPU = Release|Any CPU
	EndGlobalSection
	GlobalSection(ProjectConfigurationPlatforms) = postSolution
		{010ABC7A-7051-4E2E-9893-7E0AC3DF8105}.Debug|Any CPU.ActiveCfg = Debug|Any CPU
		{010ABC7A-7051-4E2E-9893-7E0AC3DF8105}.Debug|Any CPU.Build.0 = Debug|Any CPU
		{010ABC7A-7051-4E2E-9893-7E0AC3DF8105}.Release|Any CPU.ActiveCfg = Release|Any CPU
		{010ABC7A-7051-4E2E-9893-7E0AC3DF8105}.Release|Any CPU.Build.0 = Release|Any CPU
	EndGlobalSection
	GlobalSection(SolutionProperties) = preSolution
		HideSolutionNode = FALSE
	EndGlobalSection
	GlobalSection(ExtensibilityGlobals) = postSolution
		SolutionGuid = {406DEAA9-BDDE-4BD2-B8AC-8F4F3134CF79}
	EndGlobalSection
EndGlobal
