
Microsoft Visual Studio Solution File, Format Version 12.00
# Visual Studio Version 16
VisualStudioVersion = 16.0.31613.86
MinimumVisualStudioVersion = 10.0.40219.1
Project("{FAE04EC0-301F-11D3-BF4B-00C04F79EFBC}") = "soru13", "soru13\soru13.csproj", "{D9DAAD8A-88C5-4786-B4D9-7DD42EF35C9C}"
EndProject
Global
	GlobalSection(SolutionConfigurationPlatforms) = preSolution
		Debug|Any CPU = Debug|Any CPU
		Release|Any CPU = Release|Any CPU
	EndGlobalSection
	GlobalSection(ProjectConfigurationPlatforms) = postSolution
		{D9DAAD8A-88C5-4786-B4D9-7DD42EF35C9C}.Debug|Any CPU.ActiveCfg = Debug|Any CPU
		{D9DAAD8A-88C5-4786-B4D9-7DD42EF35C9C}.Debug|Any CPU.Build.0 = Debug|Any CPU
		{D9DAAD8A-88C5-4786-B4D9-7DD42EF35C9C}.Release|Any CPU.ActiveCfg = Release|Any CPU
		{D9DAAD8A-88C5-4786-B4D9-7DD42EF35C9C}.Release|Any CPU.Build.0 = Release|Any CPU
	EndGlobalSection
	GlobalSection(SolutionProperties) = preSolution
		HideSolutionNode = FALSE
	EndGlobalSection
	GlobalSection(ExtensibilityGlobals) = postSolution
		SolutionGuid = {6655BE2C-94FB-4F62-8B83-2BF40E3881F7}
	EndGlobalSection
EndGlobal
