
Microsoft Visual Studio Solution File, Format Version 12.00
# Visual Studio Version 16
VisualStudioVersion = 16.0.31613.86
MinimumVisualStudioVersion = 10.0.40219.1
Project("{FAE04EC0-301F-11D3-BF4B-00C04F79EFBC}") = "soru27", "soru27\soru27.csproj", "{22D68FB0-0013-4483-8519-A399B13AC264}"
EndProject
Global
	GlobalSection(SolutionConfigurationPlatforms) = preSolution
		Debug|Any CPU = Debug|Any CPU
		Release|Any CPU = Release|Any CPU
	EndGlobalSection
	GlobalSection(ProjectConfigurationPlatforms) = postSolution
		{22D68FB0-0013-4483-8519-A399B13AC264}.Debug|Any CPU.ActiveCfg = Debug|Any CPU
		{22D68FB0-0013-4483-8519-A399B13AC264}.Debug|Any CPU.Build.0 = Debug|Any CPU
		{22D68FB0-0013-4483-8519-A399B13AC264}.Release|Any CPU.ActiveCfg = Release|Any CPU
		{22D68FB0-0013-4483-8519-A399B13AC264}.Release|Any CPU.Build.0 = Release|Any CPU
	EndGlobalSection
	GlobalSection(SolutionProperties) = preSolution
		HideSolutionNode = FALSE
	EndGlobalSection
	GlobalSection(ExtensibilityGlobals) = postSolution
		SolutionGuid = {38D8B2B8-8BC5-48FA-9D7B-74F0B4A5852B}
	EndGlobalSection
EndGlobal
