
Microsoft Visual Studio Solution File, Format Version 12.00
# Visual Studio Version 16
VisualStudioVersion = 16.0.31613.86
MinimumVisualStudioVersion = 10.0.40219.1
Project("{FAE04EC0-301F-11D3-BF4B-00C04F79EFBC}") = "soru20", "soru20\soru20.csproj", "{50CCAA8F-7C85-4782-988A-188E6934035B}"
EndProject
Global
	GlobalSection(SolutionConfigurationPlatforms) = preSolution
		Debug|Any CPU = Debug|Any CPU
		Release|Any CPU = Release|Any CPU
	EndGlobalSection
	GlobalSection(ProjectConfigurationPlatforms) = postSolution
		{50CCAA8F-7C85-4782-988A-188E6934035B}.Debug|Any CPU.ActiveCfg = Debug|Any CPU
		{50CCAA8F-7C85-4782-988A-188E6934035B}.Debug|Any CPU.Build.0 = Debug|Any CPU
		{50CCAA8F-7C85-4782-988A-188E6934035B}.Release|Any CPU.ActiveCfg = Release|Any CPU
		{50CCAA8F-7C85-4782-988A-188E6934035B}.Release|Any CPU.Build.0 = Release|Any CPU
	EndGlobalSection
	GlobalSection(SolutionProperties) = preSolution
		HideSolutionNode = FALSE
	EndGlobalSection
	GlobalSection(ExtensibilityGlobals) = postSolution
		SolutionGuid = {A7AF8A2E-4544-4205-925F-96C9153C2DCD}
	EndGlobalSection
EndGlobal
