
Microsoft Visual Studio Solution File, Format Version 12.00
# Visual Studio Version 16
VisualStudioVersion = 16.0.31613.86
MinimumVisualStudioVersion = 10.0.40219.1
Project("{FAE04EC0-301F-11D3-BF4B-00C04F79EFBC}") = "soru14", "soru14\soru14.csproj", "{BEED50DD-6D8E-4972-B118-9900AD76E326}"
EndProject
Global
	GlobalSection(SolutionConfigurationPlatforms) = preSolution
		Debug|Any CPU = Debug|Any CPU
		Release|Any CPU = Release|Any CPU
	EndGlobalSection
	GlobalSection(ProjectConfigurationPlatforms) = postSolution
		{BEED50DD-6D8E-4972-B118-9900AD76E326}.Debug|Any CPU.ActiveCfg = Debug|Any CPU
		{BEED50DD-6D8E-4972-B118-9900AD76E326}.Debug|Any CPU.Build.0 = Debug|Any CPU
		{BEED50DD-6D8E-4972-B118-9900AD76E326}.Release|Any CPU.ActiveCfg = Release|Any CPU
		{BEED50DD-6D8E-4972-B118-9900AD76E326}.Release|Any CPU.Build.0 = Release|Any CPU
	EndGlobalSection
	GlobalSection(SolutionProperties) = preSolution
		HideSolutionNode = FALSE
	EndGlobalSection
	GlobalSection(ExtensibilityGlobals) = postSolution
		SolutionGuid = {7FC6BDC1-65D7-4B63-AD80-1EE319810B1E}
	EndGlobalSection
EndGlobal
