
Microsoft Visual Studio Solution File, Format Version 12.00
# Visual Studio Version 16
VisualStudioVersion = 16.0.31613.86
MinimumVisualStudioVersion = 10.0.40219.1
Project("{FAE04EC0-301F-11D3-BF4B-00C04F79EFBC}") = "soru28", "soru28\soru28.csproj", "{50B959CC-01E8-474F-97AD-407FB6258DF5}"
EndProject
Global
	GlobalSection(SolutionConfigurationPlatforms) = preSolution
		Debug|Any CPU = Debug|Any CPU
		Release|Any CPU = Release|Any CPU
	EndGlobalSection
	GlobalSection(ProjectConfigurationPlatforms) = postSolution
		{50B959CC-01E8-474F-97AD-407FB6258DF5}.Debug|Any CPU.ActiveCfg = Debug|Any CPU
		{50B959CC-01E8-474F-97AD-407FB6258DF5}.Debug|Any CPU.Build.0 = Debug|Any CPU
		{50B959CC-01E8-474F-97AD-407FB6258DF5}.Release|Any CPU.ActiveCfg = Release|Any CPU
		{50B959CC-01E8-474F-97AD-407FB6258DF5}.Release|Any CPU.Build.0 = Release|Any CPU
	EndGlobalSection
	GlobalSection(SolutionProperties) = preSolution
		HideSolutionNode = FALSE
	EndGlobalSection
	GlobalSection(ExtensibilityGlobals) = postSolution
		SolutionGuid = {0F3FA938-0D63-4443-9BA1-28C546DC77AE}
	EndGlobalSection
EndGlobal
