
Microsoft Visual Studio Solution File, Format Version 12.00
# Visual Studio Version 16
VisualStudioVersion = 16.0.31613.86
MinimumVisualStudioVersion = 10.0.40219.1
Project("{FAE04EC0-301F-11D3-BF4B-00C04F79EFBC}") = "soru9", "soru9\soru9.csproj", "{A7332EE5-E152-4D82-ABC8-A83E42569F6F}"
EndProject
Global
	GlobalSection(SolutionConfigurationPlatforms) = preSolution
		Debug|Any CPU = Debug|Any CPU
		Release|Any CPU = Release|Any CPU
	EndGlobalSection
	GlobalSection(ProjectConfigurationPlatforms) = postSolution
		{A7332EE5-E152-4D82-ABC8-A83E42569F6F}.Debug|Any CPU.ActiveCfg = Debug|Any CPU
		{A7332EE5-E152-4D82-ABC8-A83E42569F6F}.Debug|Any CPU.Build.0 = Debug|Any CPU
		{A7332EE5-E152-4D82-ABC8-A83E42569F6F}.Release|Any CPU.ActiveCfg = Release|Any CPU
		{A7332EE5-E152-4D82-ABC8-A83E42569F6F}.Release|Any CPU.Build.0 = Release|Any CPU
	EndGlobalSection
	GlobalSection(SolutionProperties) = preSolution
		HideSolutionNode = FALSE
	EndGlobalSection
	GlobalSection(ExtensibilityGlobals) = postSolution
		SolutionGuid = {6F6A34A9-2222-4519-8E70-20B79E8DF9A1}
	EndGlobalSection
EndGlobal
